
Microsoft Visual Studio Solution File, Format Version 12.00
# Visual Studio Version 17
VisualStudioVersion = 17.8.34525.116
MinimumVisualStudioVersion = 10.0.40219.1
Project("{FAE04EC0-301F-11D3-BF4B-00C04F79EFBC}") = "Productlist2W6", "Productlist2W6\Productlist2W6.csproj", "{87A394FA-7B37-4131-8F34-5661117AA142}"
EndProject
Global
	GlobalSection(SolutionConfigurationPlatforms) = preSolution
		Debug|Any CPU = Debug|Any CPU
		Release|Any CPU = Release|Any CPU
	EndGlobalSection
	GlobalSection(ProjectConfigurationPlatforms) = postSolution
		{87A394FA-7B37-4131-8F34-5661117AA142}.Debug|Any CPU.ActiveCfg = Debug|Any CPU
		{87A394FA-7B37-4131-8F34-5661117AA142}.Debug|Any CPU.Build.0 = Debug|Any CPU
		{87A394FA-7B37-4131-8F34-5661117AA142}.Release|Any CPU.ActiveCfg = Release|Any CPU
		{87A394FA-7B37-4131-8F34-5661117AA142}.Release|Any CPU.Build.0 = Release|Any CPU
	EndGlobalSection
	GlobalSection(SolutionProperties) = preSolution
		HideSolutionNode = FALSE
	EndGlobalSection
	GlobalSection(ExtensibilityGlobals) = postSolution
		SolutionGuid = {7D483472-36F2-4E2F-AC4A-8C995C350BF6}
	EndGlobalSection
EndGlobal
